
Microsoft Visual Studio Solution File, Format Version 12.00
# Visual Studio Version 16
VisualStudioVersion = 16.0.29609.76
MinimumVisualStudioVersion = 10.0.40219.1
Project("{FAE04EC0-301F-11D3-BF4B-00C04F79EFBC}") = "QuadraticEquationProject", "QuadraticEquationProject\QuadraticEquationProject.csproj", "{73CB7C9F-CB6D-4E35-86D7-3C129CD8154B}"
EndProject
Project("{FAE04EC0-301F-11D3-BF4B-00C04F79EFBC}") = "UnitTest_QuadraticEquation", "UnitTest_QuadraticEquation\UnitTest_QuadraticEquation.csproj", "{1BDCDD0E-40BF-4604-88F0-E247E5AC6F6C}"
EndProject
Global
	GlobalSection(SolutionConfigurationPlatforms) = preSolution
		Debug|Any CPU = Debug|Any CPU
		Release|Any CPU = Release|Any CPU
	EndGlobalSection
	GlobalSection(ProjectConfigurationPlatforms) = postSolution
		{73CB7C9F-CB6D-4E35-86D7-3C129CD8154B}.Debug|Any CPU.ActiveCfg = Debug|Any CPU
		{73CB7C9F-CB6D-4E35-86D7-3C129CD8154B}.Debug|Any CPU.Build.0 = Debug|Any CPU
		{73CB7C9F-CB6D-4E35-86D7-3C129CD8154B}.Release|Any CPU.ActiveCfg = Release|Any CPU
		{73CB7C9F-CB6D-4E35-86D7-3C129CD8154B}.Release|Any CPU.Build.0 = Release|Any CPU
		{1BDCDD0E-40BF-4604-88F0-E247E5AC6F6C}.Debug|Any CPU.ActiveCfg = Debug|Any CPU
		{1BDCDD0E-40BF-4604-88F0-E247E5AC6F6C}.Debug|Any CPU.Build.0 = Debug|Any CPU
		{1BDCDD0E-40BF-4604-88F0-E247E5AC6F6C}.Release|Any CPU.ActiveCfg = Release|Any CPU
		{1BDCDD0E-40BF-4604-88F0-E247E5AC6F6C}.Release|Any CPU.Build.0 = Release|Any CPU
	EndGlobalSection
	GlobalSection(SolutionProperties) = preSolution
		HideSolutionNode = FALSE
	EndGlobalSection
	GlobalSection(ExtensibilityGlobals) = postSolution
		SolutionGuid = {EC2BCAD5-127C-47E8-86B1-F57BBEA5A487}
	EndGlobalSection
EndGlobal
